// !$*UTF8*$!
{
	archiveVersion = 1;
	classes = {
	};
	objectVersion = 46;
	objects = {

/* Begin PBXBuildFile section */
		6A17FC771A2494A400336687 /* AppDelegate.swift in Sources */ = {isa = PBXBuildFile; fileRef = 6A17FC761A2494A400336687 /* AppDelegate.swift */; };
		6A17FC791A2494A400336687 /* ViewController.swift in Sources */ = {isa = PBXBuildFile; fileRef = 6A17FC781A2494A400336687 /* ViewController.swift */; };
		6A17FC7C1A2494A400336687 /* Main.storyboard in Resources */ = {isa = PBXBuildFile; fileRef = 6A17FC7A1A2494A400336687 /* Main.storyboard */; };
		6A17FC7E1A2494A400336687 /* Images.xcassets in Resources */ = {isa = PBXBuildFile; fileRef = 6A17FC7D1A2494A400336687 /* Images.xcassets */; };
		6A17FC811A2494A400336687 /* LaunchScreen.xib in Resources */ = {isa = PBXBuildFile; fileRef = 6A17FC7F1A2494A400336687 /* LaunchScreen.xib */; };
		6A17FC8D1A2494A400336687 /* callObcTests.swift in Sources */ = {isa = PBXBuildFile; fileRef = 6A17FC8C1A2494A400336687 /* callObcTests.swift */; };
/* End PBXBuildFile section */

/* Begin PBXContainerItemProxy section */
		6A17FC871A2494A400336687 /* PBXContainerItemProxy */ = {
			isa = PBXContainerItemProxy;
			containerPortal = 6A17FC691A2494A400336687 /* Project object */;
			proxyType = 1;
			remoteGlobalIDString = 6A17FC701A2494A400336687;
			remoteInfo = callObc;
		};
/* End PBXContainerItemProxy section */

/* Begin PBXFileReference section */
		6A17FC711A2494A400336687 /* callObc.app */ = {isa = PBXFileReference; explicitFileType = wrapper.application; includeInIndex = 0; path = callObc.app; sourceTree = BUILT_PRODUCTS_DIR; };
		6A17FC751A2494A400336687 /* Info.plist */ = {isa = PBXFileReference; lastKnownFileType = text.plist.xml; path = Info.plist; sourceTree = "<group>"; };
		6A17FC761A2494A400336687 /* AppDelegate.swift */ = {isa = PBXFileReference; lastKnownFileType = sourcecode.swift; path = AppDelegate.swift; sourceTree = "<group>"; };
		6A17FC781A2494A400336687 /* ViewController.swift */ = {isa = PBXFileReference; lastKnownFileType = sourcecode.swift; path = ViewController.swift; sourceTree = "<group>"; };
		6A17FC7B1A2494A400336687 /* Base */ = {isa = PBXFileReference; lastKnownFileType = file.storyboard; name = Base; path = Base.lproj/Main.storyboard; sourceTree = "<group>"; };
		6A17FC7D1A2494A400336687 /* Images.xcassets */ = {isa = PBXFileReference; lastKnownFileType = folder.assetcatalog; path = Images.xcassets; sourceTree = "<group>"; };
		6A17FC801A2494A400336687 /* Base */ = {isa = PBXFileReference; lastKnownFileType = file.xib; name = Base; path = Base.lproj/LaunchScreen.xib; sourceTree = "<group>"; };
		6A17FC861A2494A400336687 /* callObcTests.xctest */ = {isa = PBXFileReference; explicitFileType = wrapper.cfbundle; includeInIndex = 0; path = callObcTests.xctest; sourceTree = BUILT_PRODUCTS_DIR; };
		6A17FC8B1A2494A400336687 /* Info.plist */ = {isa = PBXFileReference; lastKnownFileType = text.plist.xml; path = Info.plist; sourceTree = "<group>"; };
		6A17FC8C1A2494A400336687 /* callObcTests.swift */ = {isa = PBXFileReference; lastKnownFileType = sourcecode.swift; path = callObcTests.swift; sourceTree = "<group>"; };
/* End PBXFileReference section */

/* Begin PBXFrameworksBuildPhase section */
		6A17FC6E1A2494A400336687 /* Frameworks */ = {
			isa = PBXFrameworksBuildPhase;
			buildActionMask = 2147483647;
			files = (
			);
			runOnlyForDeploymentPostprocessing = 0;
		};
		6A17FC831A2494A400336687 /* Frameworks */ = {
			isa = PBXFrameworksBuildPhase;
			buildActionMask = 2147483647;
			files = (
			);
			runOnlyForDeploymentPostprocessing = 0;
		};
/* End PBXFrameworksBuildPhase section */

/* Begin PBXGroup section */
		6A17FC681A2494A400336687 = {
			isa = PBXGroup;
			children = (
				6A17FC731A2494A400336687 /* callObc */,
				6A17FC891A2494A400336687 /* callObcTests */,
				6A17FC721A2494A400336687 /* Products */,
			);
			sourceTree = "<group>";
		};
		6A17FC721A2494A400336687 /* Products */ = {
			isa = PBXGroup;
			children = (
				6A17FC711A2494A400336687 /* callObc.app */,
				6A17FC861A2494A400336687 /* callObcTests.xctest */,
			);
			name = Products;
			sourceTree = "<group>";
		};
		6A17FC731A2494A400336687 /* callObc */ = {
			isa = PBXGroup;
			children = (
				6A17FC761A2494A400336687 /* AppDelegate.swift */,
				6A17FC781A2494A400336687 /* ViewController.swift */,
				6A17FC7A1A2494A400336687 /* Main.storyboard */,
				6A17FC7D1A2494A400336687 /* Images.xcassets */,
				6A17FC7F1A2494A400336687 /* LaunchScreen.xib */,
				6A17FC741A2494A400336687 /* Supporting Files */,
			);
			path = callObc;
			sourceTree = "<group>";
		};
		6A17FC741A2494A400336687 /* Supporting Files */ = {
			isa = PBXGroup;
			children = (
				6A17FC751A2494A400336687 /* Info.plist */,
			);
			name = "Supporting Files";
			sourceTree = "<group>";
		};
		6A17FC891A2494A400336687 /* callObcTests */ = {
			isa = PBXGroup;
			children = (
				6A17FC8C1A2494A400336687 /* callObcTests.swift */,
				6A17FC8A1A2494A400336687 /* Supporting Files */,
			);
			path = callObcTests;
			sourceTree = "<group>";
		};
		6A17FC8A1A2494A400336687 /* Supporting Files */ = {
			isa = PBXGroup;
			children = (
				6A17FC8B1A2494A400336687 /* Info.plist */,
			);
			name = "Supporting Files";
			sourceTree = "<group>";
		};
/* End PBXGroup section */

/* Begin PBXNativeTarget section */
		6A17FC701A2494A400336687 /* callObc */ = {
			isa = PBXNativeTarget;
			buildConfigurationList = 6A17FC901A2494A400336687 /* Build configuration list for PBXNativeTarget "callObc" */;
			buildPhases = (
				6A17FC6D1A2494A400336687 /* Sources */,
				6A17FC6E1A2494A400336687 /* Frameworks */,
				6A17FC6F1A2494A400336687 /* Resources */,
			);
			buildRules = (
			);
			dependencies = (
			);
			name = callObc;
			productName = callObc;
			productReference = 6A17FC711A2494A400336687 /* callObc.app */;
			productType = "com.apple.product-type.application";
		};
		6A17FC851A2494A400336687 /* callObcTests */ = {
			isa = PBXNativeTarget;
			buildConfigurationList = 6A17FC931A2494A400336687 /* Build configuration list for PBXNativeTarget "callObcTests" */;
			buildPhases = (
				6A17FC821A2494A400336687 /* Sources */,
				6A17FC831A2494A400336687 /* Frameworks */,
				6A17FC841A2494A400336687 /* Resources */,
			);
			buildRules = (
			);
			dependencies = (
				6A17FC881A2494A400336687 /* PBXTargetDependency */,
			);
			name = callObcTests;
			productName = callObcTests;
			productReference = 6A17FC861A2494A400336687 /* callObcTests.xctest */;
			productType = "com.apple.product-type.bundle.unit-test";
		};
/* End PBXNativeTarget section */

/* Begin PBXProject section */
		6A17FC691A2494A400336687 /* Project object */ = {
			isa = PBXProject;
			attributes = {
				LastUpgradeCheck = 0610;
				ORGANIZATIONNAME = motoshi;
				TargetAttributes = {
					6A17FC701A2494A400336687 = {
						CreatedOnToolsVersion = 6.1;
					};
					6A17FC851A2494A400336687 = {
						CreatedOnToolsVersion = 6.1;
						TestTargetID = 6A17FC701A2494A400336687;
					};
				};
			};
			buildConfigurationList = 6A17FC6C1A2494A400336687 /* Build configuration list for PBXProject "callObc" */;
			compatibilityVersion = "Xcode 3.2";
			developmentRegion = English;
			hasScannedForEncodings = 0;
			knownRegions = (
				en,
				Base,
			);
			mainGroup = 6A17FC681A2494A400336687;
			productRefGroup = 6A17FC721A2494A400336687 /* Products */;
			projectDirPath = "";
			projectRoot = "";
			targets = (
				6A17FC701A2494A400336687 /* callObc */,
				6A17FC851A2494A400336687 /* callObcTests */,
			);
		};
/* End PBXProject section */

/* Begin PBXResourcesBuildPhase section */
		6A17FC6F1A2494A400336687 /* Resources */ = {
			isa = PBXResourcesBuildPhase;
			buildActionMask = 2147483647;
			files = (
				6A17FC7C1A2494A400336687 /* Main.storyboard in Resources */,
				6A17FC811A2494A400336687 /* LaunchScreen.xib in Resources */,
				6A17FC7E1A2494A400336687 /* Images.xcassets in Resources */,
			);
			runOnlyForDeploymentPostprocessing = 0;
		};
		6A17FC841A2494A400336687 /* Resources */ = {
			isa = PBXResourcesBuildPhase;
			buildActionMask = 2147483647;
			files = (
			);
			runOnlyForDeploymentPostprocessing = 0;
		};
/* End PBXResourcesBuildPhase section */

/* Begin PBXSourcesBuildPhase section */
		6A17FC6D1A2494A400336687 /* Sources */ = {
			isa = PBXSourcesBuildPhase;
			buildActionMask = 2147483647;
			files = (
				6A17FC791A2494A400336687 /* ViewController.swift in Sources */,
				6A17FC771A2494A400336687 /* AppDelegate.swift in Sources */,
			);
			runOnlyForDeploymentPostprocessing = 0;
		};
		6A17FC821A2494A400336687 /* Sources */ = {
			isa = PBXSourcesBuildPhase;
			buildActionMask = 2147483647;
			files = (
				6A17FC8D1A2494A400336687 /* callObcTests.swift in Sources */,
			);
			runOnlyForDeploymentPostprocessing = 0;
		};
/* End PBXSourcesBuildPhase section */

/* Begin PBXTargetDependency section */
		6A17FC881A2494A400336687 /* PBXTargetDependency */ = {
			isa = PBXTargetDependency;
			target = 6A17FC701A2494A400336687 /* callObc */;
			targetProxy = 6A17FC871A2494A400336687 /* PBXContainerItemProxy */;
		};
/* End PBXTargetDependency section */

/* Begin PBXVariantGroup section */
		6A17FC7A1A2494A400336687 /* Main.storyboard */ = {
			isa = PBXVariantGroup;
			children = (
				6A17FC7B1A2494A400336687 /* Base */,
			);
			name = Main.storyboard;
			sourceTree = "<group>";
		};
		6A17FC7F1A2494A400336687 /* LaunchScreen.xib */ = {
			isa = PBXVariantGroup;
			children = (
				6A17FC801A2494A400336687 /* Base */,
			);
			name = LaunchScreen.xib;
			sourceTree = "<group>";
		};
/* End PBXVariantGroup section */

/* Begin XCBuildConfiguration section */
		6A17FC8E1A2494A400336687 /* Debug */ = {
			isa = XCBuildConfiguration;
			buildSettings = {
				ALWAYS_SEARCH_USER_PATHS = NO;
				CLANG_CXX_LANGUAGE_STANDARD = "gnu++0x";
				CLANG_CXX_LIBRARY = "libc++";
				CLANG_ENABLE_MODULES = YES;
				CLANG_ENABLE_OBJC_ARC = YES;
				CLANG_WARN_BOOL_CONVERSION = YES;
				CLANG_WARN_CONSTANT_CONVERSION = YES;
				CLANG_WARN_DIRECT_OBJC_ISA_USAGE = YES_ERROR;
				CLANG_WARN_EMPTY_BODY = YES;
				CLANG_WARN_ENUM_CONVERSION = YES;
				CLANG_WARN_INT_CONVERSION = YES;
				CLANG_WARN_OBJC_ROOT_CLASS = YES_ERROR;
				CLANG_WARN_UNREACHABLE_CODE = YES;
				CLANG_WARN__DUPLICATE_METHOD_MATCH = YES;
				"CODE_SIGN_IDENTITY[sdk=iphoneos*]" = "iPhone Developer";
				COPY_PHASE_STRIP = NO;
				ENABLE_STRICT_OBJC_MSGSEND = YES;
				GCC_C_LANGUAGE_STANDARD = gnu99;
				GCC_DYNAMIC_NO_PIC = NO;
				GCC_OPTIMIZATION_LEVEL = 0;
				GCC_PREPROCESSOR_DEFINITIONS = (
					"DEBUG=1",
					"$(inherited)",
				);
				GCC_SYMBOLS_PRIVATE_EXTERN = NO;
				GCC_WARN_64_TO_32_BIT_CONVERSION = YES;
				GCC_WARN_ABOUT_RETURN_TYPE = YES_ERROR;
				GCC_WARN_UNDECLARED_SELECTOR = YES;
				GCC_WARN_UNINITIALIZED_AUTOS = YES_AGGRESSIVE;
				GCC_WARN_UNUSED_FUNCTION = YES;
				GCC_WARN_UNUSED_VARIABLE = YES;
				IPHONEOS_DEPLOYMENT_TARGET = 8.1;
				MTL_ENABLE_DEBUG_INFO = YES;
				ONLY_ACTIVE_ARCH = YES;
				SDKROOT = iphoneos;
				SWIFT_OPTIMIZATION_LEVEL = "-Onone";
				TARGETED_DEVICE_FAMILY = "1,2";
			};
			name = Debug;
		};
		6A17FC8F1A2494A400336687 /* Release */ = {
			isa = XCBuildConfiguration;
			buildSettings = {
				ALWAYS_SEARCH_USER_PATHS = NO;
				CLANG_CXX_LANGUAGE_STANDARD = "gnu++0x";
				CLANG_CXX_LIBRARY = "libc++";
				CLANG_ENABLE_MODULES = YES;
				CLANG_ENABLE_OBJC_ARC = YES;
				CLANG_WARN_BOOL_CONVERSION = YES;
				CLANG_WARN_CONSTANT_CONVERSION = YES;
				CLANG_WARN_DIRECT_OBJC_ISA_USAGE = YES_ERROR;
				CLANG_WARN_EMPTY_BODY = YES;
				CLANG_WARN_ENUM_CONVERSION = YES;
				CLANG_WARN_INT_CONVERSION = YES;
				CLANG_WARN_OBJC_ROOT_CLASS = YES_ERROR;
				CLANG_WARN_UNREACHABLE_CODE = YES;
				CLANG_WARN__DUPLICATE_METHOD_MATCH = YES;
				"CODE_SIGN_IDENTITY[sdk=iphoneos*]" = "iPhone Developer";
				COPY_PHASE_STRIP = YES;
				ENABLE_NS_ASSERTIONS = NO;
				ENABLE_STRICT_OBJC_MSGSEND = YES;
				GCC_C_LANGUAGE_STANDARD = gnu99;
				GCC_WARN_64_TO_32_BIT_CONVERSION = YES;
				GCC_WARN_ABOUT_RETURN_TYPE = YES_ERROR;
				GCC_WARN_UNDECLARED_SELECTOR = YES;
				GCC_WARN_UNINITIALIZED_AUTOS = YES_AGGRESSIVE;
				GCC_WARN_UNUSED_FUNCTION = YES;
				GCC_WARN_UNUSED_VARIABLE = YES;
				IPHONEOS_DEPLOYMENT_TARGET = 8.1;
				MTL_ENABLE_DEBUG_INFO = NO;
				SDKROOT = iphoneos;
				TARGETED_DEVICE_FAMILY = "1,2";
				VALIDATE_PRODUCT = YES;
			};
			name = Release;
		};
		6A17FC911A2494A400336687 /* Debug */ = {
			isa = XCBuildConfiguration;
			buildSettings = {
				ASSETCATALOG_COMPILER_APPICON_NAME = AppIcon;
				INFOPLIST_FILE = callObc/Info.plist;
				LD_RUNPATH_SEARCH_PATHS = "$(inherited) @executable_path/Frameworks";
				PRODUCT_NAME = "$(TARGET_NAME)";
			};
			name = Debug;
		};
		6A17FC921A2494A400336687 /* Release */ = {
			isa = XCBuildConfiguration;
			buildSettings = {
				ASSETCATALOG_COMPILER_APPICON_NAME = AppIcon;
				INFOPLIST_FILE = callObc/Info.plist;
				LD_RUNPATH_SEARCH_PATHS = "$(inherited) @executable_path/Frameworks";
				PRODUCT_NAME = "$(TARGET_NAME)";
			};
			name = Release;
		};
		6A17FC941A2494A400336687 /* Debug */ = {
			isa = XCBuildConfiguration;
			buildSettings = {
				BUNDLE_LOADER = "$(TEST_HOST)";
				FRAMEWORK_SEARCH_PATHS = (
					"$(SDKROOT)/Developer/Library/Frameworks",
					"$(inherited)",
				);
				GCC_PREPROCESSOR_DEFINITIONS = (
					"DEBUG=1",
					"$(inherited)",
				);
				INFOPLIST_FILE = callObcTests/Info.plist;
				LD_RUNPATH_SEARCH_PATHS = "$(inherited) @executable_path/Frameworks @loader_path/Frameworks";
				PRODUCT_NAME = "$(TARGET_NAME)";
				TEST_HOST = "$(BUILT_PRODUCTS_DIR)/callObc.app/callObc";
			};
			name = Debug;
		};
		6A17FC951A2494A400336687 /* Release */ = {
			isa = XCBuildConfiguration;
			buildSettings = {
				BUNDLE_LOADER = "$(TEST_HOST)";
				FRAMEWORK_SEARCH_PATHS = (
					"$(SDKROOT)/Developer/Library/Frameworks",
					"$(inherited)",
				);
				INFOPLIST_FILE = callObcTests/Info.plist;
				LD_RUNPATH_SEARCH_PATHS = "$(inherited) @executable_path/Frameworks @loader_path/Frameworks";
				PRODUCT_NAME = "$(TARGET_NAME)";
				TEST_HOST = "$(BUILT_PRODUCTS_DIR)/callObc.app/callObc";
			};
			name = Release;
		};
/* End XCBuildConfiguration section */

/* Begin XCConfigurationList section */
		6A17FC6C1A2494A400336687 /* Build configuration list for PBXProject "callObc" */ = {
			isa = XCConfigurationList;
			buildConfigurations = (
				6A17FC8E1A2494A400336687 /* Debug */,
				6A17FC8F1A2494A400336687 /* Release */,
			);
			defaultConfigurationIsVisible = 0;
			defaultConfigurationName = Release;
		};
		6A17FC901A2494A400336687 /* Build configuration list for PBXNativeTarget "callObc" */ = {
			isa = XCConfigurationList;
			buildConfigurations = (
				6A17FC911A2494A400336687 /* Debug */,
				6A17FC921A2494A400336687 /* Release */,
			);
			defaultConfigurationIsVisible = 0;
		};
		6A17FC931A2494A400336687 /* Build configuration list for PBXNativeTarget "callObcTests" */ = {
			isa = XCConfigurationList;
			buildConfigurations = (
				6A17FC941A2494A400336687 /* Debug */,
				6A17FC951A2494A400336687 /* Release */,
			);
			defaultConfigurationIsVisible = 0;
		};
/* End XCConfigurationList section */
	};
	rootObject = 6A17FC691A2494A400336687 /* Project object */;
}
